[[package]]
name = "colorama"
version = "0.4.4"
description = "Cross-platform colored terminal text."
category = "main"
optional = true
python-versions = ">=2.7, !=3.0.*, !=3.1.*, !=3.2.*, !=3.3.*, !=3.4.*"

[[package]]
name = "colorlog"
version = "6.6.0"
description = "Add colours to the output of Python's logging module."
category = "main"
optional = true
python-versions = ">=3.6"

[package.dependencies]
colorama = {version = "*", markers = "sys_platform == \"win32\""}

[package.extras]
development = ["black", "flake8", "mypy", "pytest", "types-colorama"]

[metadata]
lock-version = "1.1"
python-versions = "^3.6"
content-hash = "d5df68f448628ce9c4969926bd3f571efe7fc22dd41bb923d5a6482e1792db7e"

[metadata.files]
colorama = [
    {file = "colorama-0.4.4-py2.py3-none-any.whl", hash = "sha256:9f47eda37229f68eee03b24b9748937c7dc3868f906e8ba69fbcbdd3bc5dc3e2"},
    {file = "colorama-0.4.4.tar.gz", hash = "sha256:5941b2b48a20143d2267e95b1c2a7603ce057ee39fd88e7329b0c292aa16869b"},
]
colorlog = [
    {file = "colorlog-6.6.0-py2.py3-none-any.whl", hash = "sha256:351c51e866c86c3217f08e4b067a7974a678be78f07f85fc2d55b8babde6d94e"},
    {file = "colorlog-6.6.0.tar.gz", hash = "sha256:344f73204009e4c83c5b6beb00b3c45dc70fcdae3c80db919e0a4171d006fde8"},
]
